
Microsoft Visual Studio Solution File, Format Version 11.00
# Visual Studio 2010
Project("{8BC9CEB8-8B4A-11D0-8D11-00A0C91BC942}") = "server", "server\server.vcxproj", "{082C442F-BB45-429D-97B2-B2D9FADBD42B}"
EndProject
Global
	GlobalSection(SolutionConfigurationPlatforms) = preSolution
		Debug|Win32 = Debug|Win32
		Release|Win32 = Release|Win32
	EndGlobalSection
	GlobalSection(ProjectConfigurationPlatforms) = postSolution
		{082C442F-BB45-429D-97B2-B2D9FADBD42B}.Debug|Win32.ActiveCfg = Debug|Win32
		{082C442F-BB45-429D-97B2-B2D9FADBD42B}.Debug|Win32.Build.0 = Debug|Win32
		{082C442F-BB45-429D-97B2-B2D9FADBD42B}.Release|Win32.ActiveCfg = Release|Win32
		{082C442F-BB45-429D-97B2-B2D9FADBD42B}.Release|Win32.Build.0 = Release|Win32
	EndGlobalSection
	GlobalSection(SolutionProperties) = preSolution
		HideSolutionNode = FALSE
	EndGlobalSection
EndGlobal
