
Microsoft Visual Studio Solution File, Format Version 11.00
# Visual Studio 2010
Project("{8BC9CEB8-8B4A-11D0-8D11-00A0C91BC942}") = "Task4_332", "Task4_332\Task4_332.vcxproj", "{CC2B1C22-3985-4710-B8A9-DA59F0CB5E62}"
EndProject
Global
	GlobalSection(SolutionConfigurationPlatforms) = preSolution
		Debug|Win32 = Debug|Win32
		Release|Win32 = Release|Win32
	EndGlobalSection
	GlobalSection(ProjectConfigurationPlatforms) = postSolution
		{CC2B1C22-3985-4710-B8A9-DA59F0CB5E62}.Debug|Win32.ActiveCfg = Debug|Win32
		{CC2B1C22-3985-4710-B8A9-DA59F0CB5E62}.Debug|Win32.Build.0 = Debug|Win32
		{CC2B1C22-3985-4710-B8A9-DA59F0CB5E62}.Release|Win32.ActiveCfg = Release|Win32
		{CC2B1C22-3985-4710-B8A9-DA59F0CB5E62}.Release|Win32.Build.0 = Release|Win32
	EndGlobalSection
	GlobalSection(SolutionProperties) = preSolution
		HideSolutionNode = FALSE
	EndGlobalSection
EndGlobal
