
Microsoft Visual Studio Solution File, Format Version 11.00
# Visual Studio 2010
Project("{8BC9CEB8-8B4A-11D0-8D11-00A0C91BC942}") = "Task1_4", "Task1_4\Task1_4.vcxproj", "{787680FA-D0D3-415E-AECE-DCE9C906475E}"
EndProject
Project("{8BC9CEB8-8B4A-11D0-8D11-00A0C91BC942}") = "Task1_8", "Task1_8\Task1_8.vcxproj", "{9F1D6FA5-5C26-4663-9BD8-BF5147A18EA3}"
EndProject
Global
	GlobalSection(SolutionConfigurationPlatforms) = preSolution
		Debug|Win32 = Debug|Win32
		Release|Win32 = Release|Win32
	EndGlobalSection
	GlobalSection(ProjectConfigurationPlatforms) = postSolution
		{787680FA-D0D3-415E-AECE-DCE9C906475E}.Debug|Win32.ActiveCfg = Debug|Win32
		{787680FA-D0D3-415E-AECE-DCE9C906475E}.Debug|Win32.Build.0 = Debug|Win32
		{787680FA-D0D3-415E-AECE-DCE9C906475E}.Release|Win32.ActiveCfg = Release|Win32
		{787680FA-D0D3-415E-AECE-DCE9C906475E}.Release|Win32.Build.0 = Release|Win32
		{9F1D6FA5-5C26-4663-9BD8-BF5147A18EA3}.Debug|Win32.ActiveCfg = Debug|Win32
		{9F1D6FA5-5C26-4663-9BD8-BF5147A18EA3}.Debug|Win32.Build.0 = Debug|Win32
		{9F1D6FA5-5C26-4663-9BD8-BF5147A18EA3}.Release|Win32.ActiveCfg = Release|Win32
		{9F1D6FA5-5C26-4663-9BD8-BF5147A18EA3}.Release|Win32.Build.0 = Release|Win32
	EndGlobalSection
	GlobalSection(SolutionProperties) = preSolution
		HideSolutionNode = FALSE
	EndGlobalSection
EndGlobal
