
Microsoft Visual Studio Solution File, Format Version 11.00
# Visual Studio 2010
Project("{2150E333-8FDC-42A3-9474-1A3956D46DE8}") = "Solution Items", "Solution Items", "{D945E80A-F99A-448E-8897-C9CA3B679F80}"
	ProjectSection(SolutionItems) = preProject
		README.txt = README.txt
	EndProjectSection
EndProject
Project("{8BC9CEB8-8B4A-11D0-8D11-00A0C91BC942}") = "Task2_15", "Task2_15\Task2_15.vcxproj", "{BA8882AD-8DC0-4526-984F-07FEDBEB1C6B}"
EndProject
Project("{8BC9CEB8-8B4A-11D0-8D11-00A0C91BC942}") = "Task2_8", "Task2_8\Task2_8.vcxproj", "{BD3123BB-6AAC-4155-A497-AB2833B95441}"
EndProject
Project("{8BC9CEB8-8B4A-11D0-8D11-00A0C91BC942}") = "Task2_4", "Task2_4\Task2_4.vcxproj", "{A6DB6A99-56BB-48F0-8A72-8B1344305290}"
EndProject
Project("{8BC9CEB8-8B4A-11D0-8D11-00A0C91BC942}") = "Task2_24", "Task2_24\Task2_24.vcxproj", "{A1E94E1C-3FEA-4A6D-A28E-BAC1A024AD71}"
EndProject
Project("{8BC9CEB8-8B4A-11D0-8D11-00A0C91BC942}") = "Task2_12", "Task2_12\Task2_12.vcxproj", "{E428A40F-2339-4B1D-9AA8-475E3D96C715}"
EndProject
Project("{8BC9CEB8-8B4A-11D0-8D11-00A0C91BC942}") = "Task2_2", "Task2_2\Task2_2.vcxproj", "{242273D2-7D00-4178-A37E-F5F01B78DFD3}"
EndProject
Global
	GlobalSection(SolutionConfigurationPlatforms) = preSolution
		Debug|Win32 = Debug|Win32
		Release|Win32 = Release|Win32
	EndGlobalSection
	GlobalSection(ProjectConfigurationPlatforms) = postSolution
		{BA8882AD-8DC0-4526-984F-07FEDBEB1C6B}.Debug|Win32.ActiveCfg = Debug|Win32
		{BA8882AD-8DC0-4526-984F-07FEDBEB1C6B}.Debug|Win32.Build.0 = Debug|Win32
		{BA8882AD-8DC0-4526-984F-07FEDBEB1C6B}.Release|Win32.ActiveCfg = Release|Win32
		{BA8882AD-8DC0-4526-984F-07FEDBEB1C6B}.Release|Win32.Build.0 = Release|Win32
		{BD3123BB-6AAC-4155-A497-AB2833B95441}.Debug|Win32.ActiveCfg = Debug|Win32
		{BD3123BB-6AAC-4155-A497-AB2833B95441}.Debug|Win32.Build.0 = Debug|Win32
		{BD3123BB-6AAC-4155-A497-AB2833B95441}.Release|Win32.ActiveCfg = Release|Win32
		{BD3123BB-6AAC-4155-A497-AB2833B95441}.Release|Win32.Build.0 = Release|Win32
		{A6DB6A99-56BB-48F0-8A72-8B1344305290}.Debug|Win32.ActiveCfg = Debug|Win32
		{A6DB6A99-56BB-48F0-8A72-8B1344305290}.Debug|Win32.Build.0 = Debug|Win32
		{A6DB6A99-56BB-48F0-8A72-8B1344305290}.Release|Win32.ActiveCfg = Release|Win32
		{A6DB6A99-56BB-48F0-8A72-8B1344305290}.Release|Win32.Build.0 = Release|Win32
		{A1E94E1C-3FEA-4A6D-A28E-BAC1A024AD71}.Debug|Win32.ActiveCfg = Debug|Win32
		{A1E94E1C-3FEA-4A6D-A28E-BAC1A024AD71}.Debug|Win32.Build.0 = Debug|Win32
		{A1E94E1C-3FEA-4A6D-A28E-BAC1A024AD71}.Release|Win32.ActiveCfg = Release|Win32
		{A1E94E1C-3FEA-4A6D-A28E-BAC1A024AD71}.Release|Win32.Build.0 = Release|Win32
		{E428A40F-2339-4B1D-9AA8-475E3D96C715}.Debug|Win32.ActiveCfg = Debug|Win32
		{E428A40F-2339-4B1D-9AA8-475E3D96C715}.Debug|Win32.Build.0 = Debug|Win32
		{E428A40F-2339-4B1D-9AA8-475E3D96C715}.Release|Win32.ActiveCfg = Release|Win32
		{E428A40F-2339-4B1D-9AA8-475E3D96C715}.Release|Win32.Build.0 = Release|Win32
		{242273D2-7D00-4178-A37E-F5F01B78DFD3}.Debug|Win32.ActiveCfg = Debug|Win32
		{242273D2-7D00-4178-A37E-F5F01B78DFD3}.Debug|Win32.Build.0 = Debug|Win32
		{242273D2-7D00-4178-A37E-F5F01B78DFD3}.Release|Win32.ActiveCfg = Release|Win32
		{242273D2-7D00-4178-A37E-F5F01B78DFD3}.Release|Win32.Build.0 = Release|Win32
	EndGlobalSection
	GlobalSection(SolutionProperties) = preSolution
		HideSolutionNode = FALSE
	EndGlobalSection
EndGlobal
