
Microsoft Visual Studio Solution File, Format Version 11.00
# Visual Studio 2010
Project("{8BC9CEB8-8B4A-11D0-8D11-00A0C91BC942}") = "Task5_3_LIB", "Task5_3_LIB\Task5_3_LIB.vcxproj", "{D27B9E62-B791-42FE-849E-C155FAF1E27A}"
EndProject
Project("{8BC9CEB8-8B4A-11D0-8D11-00A0C91BC942}") = "Task5_3_LIB_Test", "Task5_3_LIB_Test\Task5_3_LIB_Test.vcxproj", "{4DEE0CD3-4AE0-46AE-8351-DE44084C1790}"
	ProjectSection(ProjectDependencies) = postProject
		{D27B9E62-B791-42FE-849E-C155FAF1E27A} = {D27B9E62-B791-42FE-849E-C155FAF1E27A}
	EndProjectSection
EndProject
Project("{8BC9CEB8-8B4A-11D0-8D11-00A0C91BC942}") = "Task5_3_DLL", "Task5_3_DLL\Task5_3_DLL.vcxproj", "{4B0FF9FC-4220-4BF4-987A-E175B91C4278}"
EndProject
Project("{8BC9CEB8-8B4A-11D0-8D11-00A0C91BC942}") = "Task5_3_DLL_Test", "Task5_3_DLL_Test\Task5_3_DLL_Test.vcxproj", "{ADDB21A2-72D1-44BD-AE5F-F2AD33444DCF}"
	ProjectSection(ProjectDependencies) = postProject
		{4B0FF9FC-4220-4BF4-987A-E175B91C4278} = {4B0FF9FC-4220-4BF4-987A-E175B91C4278}
	EndProjectSection
EndProject
Project("{2150E333-8FDC-42A3-9474-1A3956D46DE8}") = "Solution Items", "Solution Items", "{120DD8E3-856A-4446-B091-67BB4D1050EE}"
	ProjectSection(SolutionItems) = preProject
		README.txt = README.txt
	EndProjectSection
EndProject
Project("{8BC9CEB8-8B4A-11D0-8D11-00A0C91BC942}") = "Task5_4_LIB_Test", "Task5_4_LIB_Test\Task5_4_LIB_Test.vcxproj", "{1E55F4E7-196D-4B0C-B74E-CEFB55612369}"
EndProject
Project("{8BC9CEB8-8B4A-11D0-8D11-00A0C91BC942}") = "Task5_4_LIB", "Task5_4_LIB\Task5_4_LIB.vcxproj", "{77F9BE1B-E59D-4934-AD5F-912044C68118}"
EndProject
Project("{8BC9CEB8-8B4A-11D0-8D11-00A0C91BC942}") = "Task5_4_DLL", "Task5_4_DLL\Task5_4_DLL.vcxproj", "{69A89A6A-1545-4D8C-89BB-8D4FD0FAB9D0}"
EndProject
Project("{8BC9CEB8-8B4A-11D0-8D11-00A0C91BC942}") = "Task5_4_DLL_Test", "Task5_4_DLL_Test\Task5_4_DLL_Test.vcxproj", "{F60AF895-9DD7-42B0-9253-E3D915972E99}"
EndProject
Project("{8BC9CEB8-8B4A-11D0-8D11-00A0C91BC942}") = "Task5_1_LIB", "Task5_1_LIB\Task5_1_LIB.vcxproj", "{6EC9E4D5-A675-4EAB-9452-EED79D7908E5}"
EndProject
Project("{8BC9CEB8-8B4A-11D0-8D11-00A0C91BC942}") = "Task5_1_LIB_Test", "Task5_1_LIB_Test\Task5_1_LIB_Test.vcxproj", "{5F660193-7D83-444A-85EB-CF659C30473C}"
EndProject
Project("{8BC9CEB8-8B4A-11D0-8D11-00A0C91BC942}") = "Task5_2_LIB", "Task5_2_LIB\Task5_2_LIB.vcxproj", "{0249EE97-5EE7-4221-9336-F89A7274A4D2}"
EndProject
Project("{8BC9CEB8-8B4A-11D0-8D11-00A0C91BC942}") = "Task5_2_LIB_Test", "Task5_2_LIB_Test\Task5_2_LIB_Test.vcxproj", "{C79134B8-705D-4FB7-A644-D10306D9FF5A}"
	ProjectSection(ProjectDependencies) = postProject
		{0249EE97-5EE7-4221-9336-F89A7274A4D2} = {0249EE97-5EE7-4221-9336-F89A7274A4D2}
	EndProjectSection
EndProject
Global
	GlobalSection(SolutionConfigurationPlatforms) = preSolution
		Debug|Win32 = Debug|Win32
		Release|Win32 = Release|Win32
	EndGlobalSection
	GlobalSection(ProjectConfigurationPlatforms) = postSolution
		{D27B9E62-B791-42FE-849E-C155FAF1E27A}.Debug|Win32.ActiveCfg = Debug|Win32
		{D27B9E62-B791-42FE-849E-C155FAF1E27A}.Debug|Win32.Build.0 = Debug|Win32
		{D27B9E62-B791-42FE-849E-C155FAF1E27A}.Release|Win32.ActiveCfg = Release|Win32
		{D27B9E62-B791-42FE-849E-C155FAF1E27A}.Release|Win32.Build.0 = Release|Win32
		{4DEE0CD3-4AE0-46AE-8351-DE44084C1790}.Debug|Win32.ActiveCfg = Debug|Win32
		{4DEE0CD3-4AE0-46AE-8351-DE44084C1790}.Debug|Win32.Build.0 = Debug|Win32
		{4DEE0CD3-4AE0-46AE-8351-DE44084C1790}.Release|Win32.ActiveCfg = Release|Win32
		{4DEE0CD3-4AE0-46AE-8351-DE44084C1790}.Release|Win32.Build.0 = Release|Win32
		{4B0FF9FC-4220-4BF4-987A-E175B91C4278}.Debug|Win32.ActiveCfg = Debug|Win32
		{4B0FF9FC-4220-4BF4-987A-E175B91C4278}.Debug|Win32.Build.0 = Debug|Win32
		{4B0FF9FC-4220-4BF4-987A-E175B91C4278}.Release|Win32.ActiveCfg = Release|Win32
		{4B0FF9FC-4220-4BF4-987A-E175B91C4278}.Release|Win32.Build.0 = Release|Win32
		{ADDB21A2-72D1-44BD-AE5F-F2AD33444DCF}.Debug|Win32.ActiveCfg = Debug|Win32
		{ADDB21A2-72D1-44BD-AE5F-F2AD33444DCF}.Debug|Win32.Build.0 = Debug|Win32
		{ADDB21A2-72D1-44BD-AE5F-F2AD33444DCF}.Release|Win32.ActiveCfg = Release|Win32
		{ADDB21A2-72D1-44BD-AE5F-F2AD33444DCF}.Release|Win32.Build.0 = Release|Win32
		{1E55F4E7-196D-4B0C-B74E-CEFB55612369}.Debug|Win32.ActiveCfg = Debug|Win32
		{1E55F4E7-196D-4B0C-B74E-CEFB55612369}.Debug|Win32.Build.0 = Debug|Win32
		{1E55F4E7-196D-4B0C-B74E-CEFB55612369}.Release|Win32.ActiveCfg = Release|Win32
		{1E55F4E7-196D-4B0C-B74E-CEFB55612369}.Release|Win32.Build.0 = Release|Win32
		{77F9BE1B-E59D-4934-AD5F-912044C68118}.Debug|Win32.ActiveCfg = Debug|Win32
		{77F9BE1B-E59D-4934-AD5F-912044C68118}.Debug|Win32.Build.0 = Debug|Win32
		{77F9BE1B-E59D-4934-AD5F-912044C68118}.Release|Win32.ActiveCfg = Release|Win32
		{77F9BE1B-E59D-4934-AD5F-912044C68118}.Release|Win32.Build.0 = Release|Win32
		{69A89A6A-1545-4D8C-89BB-8D4FD0FAB9D0}.Debug|Win32.ActiveCfg = Debug|Win32
		{69A89A6A-1545-4D8C-89BB-8D4FD0FAB9D0}.Debug|Win32.Build.0 = Debug|Win32
		{69A89A6A-1545-4D8C-89BB-8D4FD0FAB9D0}.Release|Win32.ActiveCfg = Release|Win32
		{69A89A6A-1545-4D8C-89BB-8D4FD0FAB9D0}.Release|Win32.Build.0 = Release|Win32
		{F60AF895-9DD7-42B0-9253-E3D915972E99}.Debug|Win32.ActiveCfg = Debug|Win32
		{F60AF895-9DD7-42B0-9253-E3D915972E99}.Debug|Win32.Build.0 = Debug|Win32
		{F60AF895-9DD7-42B0-9253-E3D915972E99}.Release|Win32.ActiveCfg = Release|Win32
		{F60AF895-9DD7-42B0-9253-E3D915972E99}.Release|Win32.Build.0 = Release|Win32
		{6EC9E4D5-A675-4EAB-9452-EED79D7908E5}.Debug|Win32.ActiveCfg = Debug|Win32
		{6EC9E4D5-A675-4EAB-9452-EED79D7908E5}.Debug|Win32.Build.0 = Debug|Win32
		{6EC9E4D5-A675-4EAB-9452-EED79D7908E5}.Release|Win32.ActiveCfg = Release|Win32
		{6EC9E4D5-A675-4EAB-9452-EED79D7908E5}.Release|Win32.Build.0 = Release|Win32
		{5F660193-7D83-444A-85EB-CF659C30473C}.Debug|Win32.ActiveCfg = Debug|Win32
		{5F660193-7D83-444A-85EB-CF659C30473C}.Debug|Win32.Build.0 = Debug|Win32
		{5F660193-7D83-444A-85EB-CF659C30473C}.Release|Win32.ActiveCfg = Release|Win32
		{5F660193-7D83-444A-85EB-CF659C30473C}.Release|Win32.Build.0 = Release|Win32
		{0249EE97-5EE7-4221-9336-F89A7274A4D2}.Debug|Win32.ActiveCfg = Debug|Win32
		{0249EE97-5EE7-4221-9336-F89A7274A4D2}.Debug|Win32.Build.0 = Debug|Win32
		{0249EE97-5EE7-4221-9336-F89A7274A4D2}.Release|Win32.ActiveCfg = Release|Win32
		{0249EE97-5EE7-4221-9336-F89A7274A4D2}.Release|Win32.Build.0 = Release|Win32
		{C79134B8-705D-4FB7-A644-D10306D9FF5A}.Debug|Win32.ActiveCfg = Debug|Win32
		{C79134B8-705D-4FB7-A644-D10306D9FF5A}.Debug|Win32.Build.0 = Debug|Win32
		{C79134B8-705D-4FB7-A644-D10306D9FF5A}.Release|Win32.ActiveCfg = Release|Win32
		{C79134B8-705D-4FB7-A644-D10306D9FF5A}.Release|Win32.Build.0 = Release|Win32
	EndGlobalSection
	GlobalSection(SolutionProperties) = preSolution
		HideSolutionNode = FALSE
	EndGlobalSection
EndGlobal
